
Microsoft Visual Studio Solution File, Format Version 12.00
# Visual Studio Version 16
VisualStudioVersion = 16.0.29411.108
MinimumVisualStudioVersion = 10.0.40219.1
Project("{FAE04EC0-301F-11D3-BF4B-00C04F79EFBC}") = "TaoZhugong", "TaoZhugong\TaoZhugong.csproj", "{A94C3182-4DED-4885-A168-6ADD94630015}"
EndProject
Project("{FAE04EC0-301F-11D3-BF4B-00C04F79EFBC}") = "TaoZhugongTests", "TaoZhugongTests\TaoZhugongTests.csproj", "{F69DA80C-0580-45AC-BD66-8C709EAA311C}"
EndProject
Global
	GlobalSection(SolutionConfigurationPlatforms) = preSolution
		Debug|Any CPU = Debug|Any CPU
		Release|Any CPU = Release|Any CPU
	EndGlobalSection
	GlobalSection(ProjectConfigurationPlatforms) = postSolution
		{A94C3182-4DED-4885-A168-6ADD94630015}.Debug|Any CPU.ActiveCfg = Debug|Any CPU
		{A94C3182-4DED-4885-A168-6ADD94630015}.Debug|Any CPU.Build.0 = Debug|Any CPU
		{A94C3182-4DED-4885-A168-6ADD94630015}.Release|Any CPU.ActiveCfg = Release|Any CPU
		{A94C3182-4DED-4885-A168-6ADD94630015}.Release|Any CPU.Build.0 = Release|Any CPU
		{F69DA80C-0580-45AC-BD66-8C709EAA311C}.Debug|Any CPU.ActiveCfg = Debug|Any CPU
		{F69DA80C-0580-45AC-BD66-8C709EAA311C}.Debug|Any CPU.Build.0 = Debug|Any CPU
		{F69DA80C-0580-45AC-BD66-8C709EAA311C}.Release|Any CPU.ActiveCfg = Release|Any CPU
		{F69DA80C-0580-45AC-BD66-8C709EAA311C}.Release|Any CPU.Build.0 = Release|Any CPU
	EndGlobalSection
	GlobalSection(SolutionProperties) = preSolution
		HideSolutionNode = FALSE
	EndGlobalSection
	GlobalSection(ExtensibilityGlobals) = postSolution
		SolutionGuid = {8F4D80E1-1E1F-4786-B8F1-14DA47FA4D61}
	EndGlobalSection
EndGlobal
